
Microsoft Visual Studio Solution File, Format Version 12.00
# Visual Studio Version 17
VisualStudioVersion = 17.12.35527.113
MinimumVisualStudioVersion = 10.0.40219.1
Project("{FAE04EC0-301F-11D3-BF4B-00C04F79EFBC}") = "CourseCNET", "CourseCNET\CourseCNET.csproj", "{FB5CC0C6-1BCE-42CA-B207-2AB1A2F86452}"
EndProject
Project("{FAE04EC0-301F-11D3-BF4B-00C04F79EFBC}") = "ConsoleApp1", "ConsoleApp1\ConsoleApp1.csproj", "{218A9C6A-7E0B-4943-8BB9-A33EDEC1BCDA}"
EndProject
Global
	GlobalSection(SolutionConfigurationPlatforms) = preSolution
		Debug|Any CPU = Debug|Any CPU
		Release|Any CPU = Release|Any CPU
	EndGlobalSection
	GlobalSection(ProjectConfigurationPlatforms) = postSolution
		{FB5CC0C6-1BCE-42CA-B207-2AB1A2F86452}.Debug|Any CPU.ActiveCfg = Debug|Any CPU
		{FB5CC0C6-1BCE-42CA-B207-2AB1A2F86452}.Debug|Any CPU.Build.0 = Debug|Any CPU
		{FB5CC0C6-1BCE-42CA-B207-2AB1A2F86452}.Release|Any CPU.ActiveCfg = Release|Any CPU
		{FB5CC0C6-1BCE-42CA-B207-2AB1A2F86452}.Release|Any CPU.Build.0 = Release|Any CPU
		{218A9C6A-7E0B-4943-8BB9-A33EDEC1BCDA}.Debug|Any CPU.ActiveCfg = Debug|Any CPU
		{218A9C6A-7E0B-4943-8BB9-A33EDEC1BCDA}.Debug|Any CPU.Build.0 = Debug|Any CPU
		{218A9C6A-7E0B-4943-8BB9-A33EDEC1BCDA}.Release|Any CPU.ActiveCfg = Release|Any CPU
		{218A9C6A-7E0B-4943-8BB9-A33EDEC1BCDA}.Release|Any CPU.Build.0 = Release|Any CPU
	EndGlobalSection
	GlobalSection(SolutionProperties) = preSolution
		HideSolutionNode = FALSE
	EndGlobalSection
EndGlobal
